
Microsoft Visual Studio Solution File, Format Version 12.00
# Visual Studio 15
VisualStudioVersion = 15.0.27428.2002
MinimumVisualStudioVersion = 10.0.40219.1
Project("{FAE04EC0-301F-11D3-BF4B-00C04F79EFBC}") = "TestScaleRotation", "TestScaleRotation\TestScaleRotation.csproj", "{6612F032-9B9F-4B89-B929-F2891EBD70D4}"
EndProject
Global
	GlobalSection(SolutionConfigurationPlatforms) = preSolution
		Debug|x86 = Debug|x86
		Release|x86 = Release|x86
	EndGlobalSection
	GlobalSection(ProjectConfigurationPlatforms) = postSolution
		{6612F032-9B9F-4B89-B929-F2891EBD70D4}.Debug|x86.ActiveCfg = Debug|x86
		{6612F032-9B9F-4B89-B929-F2891EBD70D4}.Debug|x86.Build.0 = Debug|x86
		{6612F032-9B9F-4B89-B929-F2891EBD70D4}.Release|x86.ActiveCfg = Release|x86
		{6612F032-9B9F-4B89-B929-F2891EBD70D4}.Release|x86.Build.0 = Release|x86
	EndGlobalSection
	GlobalSection(SolutionProperties) = preSolution
		HideSolutionNode = FALSE
	EndGlobalSection
	GlobalSection(ExtensibilityGlobals) = postSolution
		SolutionGuid = {7AF3851A-E34F-49E7-B293-27389BCAD8A9}
	EndGlobalSection
EndGlobal
